{
  "name": "easton",
  "version": "1.0.0",
  "lockfileVersion": 3,
  "requires": true,
  "packages": {
    "": {
      "name": "easton",
      "version": "1.0.0",
      "license": "MIT",
      "dependencies": {
        "hex-to-ansi": "^1.0.1",
        "rgb-to-ansi": "^1.0.2"
      }
    },
    "node_modules/hex-to-ansi": {
      "version": "1.0.1",
      "resolved": "https://registry.npmjs.org/hex-to-ansi/-/hex-to-ansi-1.0.1.tgz",
      "integrity": "sha512-OmU5dISmvQYeKlCDwdyvmRagSzjoGvtiOHRhsxbdChC+jM4hKBRUQfArGFRsNHggx62Oow70YM/Rr1zH5gyt0w=="
    },
    "node_modules/rgb-to-ansi": {
      "version": "1.0.2",
      "resolved": "https://registry.npmjs.org/rgb-to-ansi/-/rgb-to-ansi-1.0.2.tgz",
      "integrity": "sha512-/LBsBn6AscpGRhzJeLhQCgJgzFuWwr631/eUh4xwhzlzQS2GIQJpWGDUk09qe5YYVzxHdMUWZNUniMXiZWRyVw=="
    }
  }
}
